
Microsoft Visual Studio Solution File, Format Version 12.00
# Visual Studio 14
VisualStudioVersion = 14.0.25420.1
MinimumVisualStudioVersion = 10.0.40219.1
Project("{FAE04EC0-301F-11D3-BF4B-00C04F79EFBC}") = "Json的序列化和反序列化", "Josn的序列化和反序列化\Json的序列化和反序列化.csproj", "{C1A6C713-9EEB-4487-86F8-D61055806863}"
EndProject
Project("{FAE04EC0-301F-11D3-BF4B-00C04F79EFBC}") = "加密", "加密\加密.csproj", "{5B52C7CB-3FA8-4F77-9177-B2718DEE51B6}"
EndProject
Project("{FAE04EC0-301F-11D3-BF4B-00C04F79EFBC}") = "时间格式转换", "时间格式转换\时间格式转换.csproj", "{66BE3892-DC0E-429E-8AEE-41CA16F0AD3C}"
EndProject
Project("{FAE04EC0-301F-11D3-BF4B-00C04F79EFBC}") = "随机数", "随机数\随机数.csproj", "{EAD25FE0-9281-456E-A3AF-5594F4F1C14D}"
EndProject
Project("{FAE04EC0-301F-11D3-BF4B-00C04F79EFBC}") = "IJson_Http", "IJson_Http\IJson_Http.csproj", "{2554AFDE-2808-4043-A5DB-658308D2DA27}"
EndProject
Project("{FAE04EC0-301F-11D3-BF4B-00C04F79EFBC}") = "IXml_Http", "XMLRequest\IXml_Http.csproj", "{C42F3BCC-7F89-4638-9CDF-E3D7094BED67}"
EndProject
Project("{FAE04EC0-301F-11D3-BF4B-00C04F79EFBC}") = "CreateXML", "CreateXML\CreateXML.csproj", "{55BA6F53-820E-4B9C-ADD9-DE3FB89F1B7A}"
EndProject
Project("{FAE04EC0-301F-11D3-BF4B-00C04F79EFBC}") = "XMLDemo", "XMLDemo\XMLDemo.csproj", "{8B4AF22E-FE64-482F-B9CC-4A6A082A7F45}"
EndProject
Project("{FAE04EC0-301F-11D3-BF4B-00C04F79EFBC}") = "XMLTest", "TEST\XMLTest.csproj", "{A2BDA6B8-3317-487A-8EAB-A061ED0BAC36}"
EndProject
Project("{FAE04EC0-301F-11D3-BF4B-00C04F79EFBC}") = "IJson_Http_Post", "IJson_Http_Post\IJson_Http_Post.csproj", "{640988D2-DD70-4B9A-B7C0-C0124D3C3D14}"
EndProject
Project("{FAE04EC0-301F-11D3-BF4B-00C04F79EFBC}") = "IJson_Http_Post_上海电信接口Demo", "上海电信接口Demo\IJson_Http_Post_上海电信接口Demo.csproj", "{58A62413-0019-448B-9C26-CCD82BB04110}"
EndProject
Project("{FAE04EC0-301F-11D3-BF4B-00C04F79EFBC}") = "缓存MemCachedDemo", "MemCachedDemo\缓存MemCachedDemo.csproj", "{2CDC6DC4-9F63-4328-9BDC-519B3965A793}"
EndProject
Project("{FAE04EC0-301F-11D3-BF4B-00C04F79EFBC}") = "MySql_Connection", "MySqlCRUD\MySql_Connection\MySql_Connection.csproj", "{BE5234AA-1362-42AA-B3EB-66D05D52155C}"
EndProject
Project("{FAE04EC0-301F-11D3-BF4B-00C04F79EFBC}") = "Dapper_Using", "MySqlCRUD\Dapper_Using\Dapper_Using.csproj", "{F44CD2A2-1E71-4FD2-89B4-671A71C9A27D}"
EndProject
Project("{FAE04EC0-301F-11D3-BF4B-00C04F79EFBC}") = "Dapper_MySql", "MySqlCRUD\Dapper_MySql\Dapper_MySql.csproj", "{E37874A9-0B37-4E15-85A4-6B930593A026}"
EndProject
Project("{FAE04EC0-301F-11D3-BF4B-00C04F79EFBC}") = "AliLogUsingDemo", "AliLogUsingDemo\AliLogUsingDemo.csproj", "{E52DD302-C29B-4ADA-B081-323A19E8AD11}"
EndProject
Project("{FAE04EC0-301F-11D3-BF4B-00C04F79EFBC}") = "NLogUsingDemo", "NLogUsingDemo\NLogUsingDemo.csproj", "{4A00950A-4E82-44C7-9D37-F943E88BBF64}"
EndProject
Project("{FAE04EC0-301F-11D3-BF4B-00C04F79EFBC}") = "MongoOfficialCrudUsingDemo", "MongoOfficialCrudUsingDemo\MongoOfficialCrudUsingDemo.csproj", "{4F4A1FFC-7B68-4EC5-8042-275D44DB0EF9}"
EndProject
Project("{FAE04EC0-301F-11D3-BF4B-00C04F79EFBC}") = "WebAPIDemo1", "WebAPIDemo1\WebAPIDemo1.csproj", "{25792565-3574-4DBA-A7E5-F14A19805E52}"
EndProject
Project("{FAE04EC0-301F-11D3-BF4B-00C04F79EFBC}") = "WebAPIDemo1ServiceClientApp", "WebAPIDemo1ServiceClientApp\WebAPIDemo1ServiceClientApp.csproj", "{C90F1312-EDBC-428F-A5B6-2B92692F033E}"
EndProject
Project("{FAE04EC0-301F-11D3-BF4B-00C04F79EFBC}") = "IForm_Http_Post", "IForm_Http_Post\IForm_Http_Post.csproj", "{01540D97-0CC3-4444-836D-BB58F38A262D}"
EndProject
Project("{FAE04EC0-301F-11D3-BF4B-00C04F79EFBC}") = "Dll", "Dll\Dll.csproj", "{6D91CC2F-F8A6-43BD-A38E-A18B8C1F13E0}"
EndProject
Project("{FAE04EC0-301F-11D3-BF4B-00C04F79EFBC}") = "WebApi查询接口", "WebApi查询接口\WebApi查询接口.csproj", "{94F7BFB8-D514-4C12-832C-C504593ADC5D}"
EndProject
Project("{FAE04EC0-301F-11D3-BF4B-00C04F79EFBC}") = "调用本地的接口", "调用本地的接口\调用本地的接口\调用本地的接口.csproj", "{6705C555-EC7B-42E9-9B70-CC776F42019A}"
EndProject
Project("{FAE04EC0-301F-11D3-BF4B-00C04F79EFBC}") = "WebApiCRUD_Mongodb接口", "WebApiCRUD_Mongodb接口\WebApiCRUD_Mongodb接口.csproj", "{7F37CB77-FB7D-4A90-9467-A42C451E4D79}"
EndProject
Project("{FAE04EC0-301F-11D3-BF4B-00C04F79EFBC}") = "DemoEF", "EF\DemoEF\DemoEF.csproj", "{A9C6FEE3-A551-463C-A300-9A1609D787CA}"
EndProject
Project("{FAE04EC0-301F-11D3-BF4B-00C04F79EFBC}") = "EF", "EF\EF\EF.csproj", "{9568F121-B3FB-48CD-A769-21E0C7546A42}"
EndProject
Project("{FAE04EC0-301F-11D3-BF4B-00C04F79EFBC}") = "Sqlserver_R_1", "EF\Sqlserver_R_1\Sqlserver_R_1.csproj", "{7D99F09B-FC55-450F-B548-1A228CB2F7FA}"
EndProject
Project("{FAE04EC0-301F-11D3-BF4B-00C04F79EFBC}") = "Sqlserver_R_2", "EF\Sqlserver_R_2\Sqlserver_R_2.csproj", "{F093F5C7-1714-4A66-BC73-56511A8D26A1}"
EndProject
Project("{FAE04EC0-301F-11D3-BF4B-00C04F79EFBC}") = "RedisDemo", "RedisDemo\RedisDemo.csproj", "{590B9DD7-B84C-4BD7-886D-174A0A2B3209}"
EndProject
Global
	GlobalSection(SolutionConfigurationPlatforms) = preSolution
		Debug|Any CPU = Debug|Any CPU
		Release|Any CPU = Release|Any CPU
	EndGlobalSection
	GlobalSection(ProjectConfigurationPlatforms) = postSolution
		{C1A6C713-9EEB-4487-86F8-D61055806863}.Debug|Any CPU.ActiveCfg = Debug|Any CPU
		{C1A6C713-9EEB-4487-86F8-D61055806863}.Debug|Any CPU.Build.0 = Debug|Any CPU
		{C1A6C713-9EEB-4487-86F8-D61055806863}.Release|Any CPU.ActiveCfg = Release|Any CPU
		{C1A6C713-9EEB-4487-86F8-D61055806863}.Release|Any CPU.Build.0 = Release|Any CPU
		{5B52C7CB-3FA8-4F77-9177-B2718DEE51B6}.Debug|Any CPU.ActiveCfg = Debug|Any CPU
		{5B52C7CB-3FA8-4F77-9177-B2718DEE51B6}.Debug|Any CPU.Build.0 = Debug|Any CPU
		{5B52C7CB-3FA8-4F77-9177-B2718DEE51B6}.Release|Any CPU.ActiveCfg = Release|Any CPU
		{5B52C7CB-3FA8-4F77-9177-B2718DEE51B6}.Release|Any CPU.Build.0 = Release|Any CPU
		{66BE3892-DC0E-429E-8AEE-41CA16F0AD3C}.Debug|Any CPU.ActiveCfg = Debug|Any CPU
		{66BE3892-DC0E-429E-8AEE-41CA16F0AD3C}.Debug|Any CPU.Build.0 = Debug|Any CPU
		{66BE3892-DC0E-429E-8AEE-41CA16F0AD3C}.Release|Any CPU.ActiveCfg = Release|Any CPU
		{66BE3892-DC0E-429E-8AEE-41CA16F0AD3C}.Release|Any CPU.Build.0 = Release|Any CPU
		{EAD25FE0-9281-456E-A3AF-5594F4F1C14D}.Debug|Any CPU.ActiveCfg = Debug|Any CPU
		{EAD25FE0-9281-456E-A3AF-5594F4F1C14D}.Debug|Any CPU.Build.0 = Debug|Any CPU
		{EAD25FE0-9281-456E-A3AF-5594F4F1C14D}.Release|Any CPU.ActiveCfg = Release|Any CPU
		{EAD25FE0-9281-456E-A3AF-5594F4F1C14D}.Release|Any CPU.Build.0 = Release|Any CPU
		{2554AFDE-2808-4043-A5DB-658308D2DA27}.Debug|Any CPU.ActiveCfg = Debug|Any CPU
		{2554AFDE-2808-4043-A5DB-658308D2DA27}.Debug|Any CPU.Build.0 = Debug|Any CPU
		{2554AFDE-2808-4043-A5DB-658308D2DA27}.Release|Any CPU.ActiveCfg = Release|Any CPU
		{2554AFDE-2808-4043-A5DB-658308D2DA27}.Release|Any CPU.Build.0 = Release|Any CPU
		{C42F3BCC-7F89-4638-9CDF-E3D7094BED67}.Debug|Any CPU.ActiveCfg = Debug|Any CPU
		{C42F3BCC-7F89-4638-9CDF-E3D7094BED67}.Debug|Any CPU.Build.0 = Debug|Any CPU
		{C42F3BCC-7F89-4638-9CDF-E3D7094BED67}.Release|Any CPU.ActiveCfg = Release|Any CPU
		{C42F3BCC-7F89-4638-9CDF-E3D7094BED67}.Release|Any CPU.Build.0 = Release|Any CPU
		{55BA6F53-820E-4B9C-ADD9-DE3FB89F1B7A}.Debug|Any CPU.ActiveCfg = Debug|Any CPU
		{55BA6F53-820E-4B9C-ADD9-DE3FB89F1B7A}.Debug|Any CPU.Build.0 = Debug|Any CPU
		{55BA6F53-820E-4B9C-ADD9-DE3FB89F1B7A}.Release|Any CPU.ActiveCfg = Release|Any CPU
		{55BA6F53-820E-4B9C-ADD9-DE3FB89F1B7A}.Release|Any CPU.Build.0 = Release|Any CPU
		{8B4AF22E-FE64-482F-B9CC-4A6A082A7F45}.Debug|Any CPU.ActiveCfg = Debug|Any CPU
		{8B4AF22E-FE64-482F-B9CC-4A6A082A7F45}.Debug|Any CPU.Build.0 = Debug|Any CPU
		{8B4AF22E-FE64-482F-B9CC-4A6A082A7F45}.Release|Any CPU.ActiveCfg = Release|Any CPU
		{8B4AF22E-FE64-482F-B9CC-4A6A082A7F45}.Release|Any CPU.Build.0 = Release|Any CPU
		{A2BDA6B8-3317-487A-8EAB-A061ED0BAC36}.Debug|Any CPU.ActiveCfg = Debug|Any CPU
		{A2BDA6B8-3317-487A-8EAB-A061ED0BAC36}.Debug|Any CPU.Build.0 = Debug|Any CPU
		{A2BDA6B8-3317-487A-8EAB-A061ED0BAC36}.Release|Any CPU.ActiveCfg = Release|Any CPU
		{A2BDA6B8-3317-487A-8EAB-A061ED0BAC36}.Release|Any CPU.Build.0 = Release|Any CPU
		{640988D2-DD70-4B9A-B7C0-C0124D3C3D14}.Debug|Any CPU.ActiveCfg = Debug|Any CPU
		{640988D2-DD70-4B9A-B7C0-C0124D3C3D14}.Debug|Any CPU.Build.0 = Debug|Any CPU
		{640988D2-DD70-4B9A-B7C0-C0124D3C3D14}.Release|Any CPU.ActiveCfg = Release|Any CPU
		{640988D2-DD70-4B9A-B7C0-C0124D3C3D14}.Release|Any CPU.Build.0 = Release|Any CPU
		{58A62413-0019-448B-9C26-CCD82BB04110}.Debug|Any CPU.ActiveCfg = Debug|Any CPU
		{58A62413-0019-448B-9C26-CCD82BB04110}.Debug|Any CPU.Build.0 = Debug|Any CPU
		{58A62413-0019-448B-9C26-CCD82BB04110}.Release|Any CPU.ActiveCfg = Release|Any CPU
		{58A62413-0019-448B-9C26-CCD82BB04110}.Release|Any CPU.Build.0 = Release|Any CPU
		{2CDC6DC4-9F63-4328-9BDC-519B3965A793}.Debug|Any CPU.ActiveCfg = Debug|Any CPU
		{2CDC6DC4-9F63-4328-9BDC-519B3965A793}.Debug|Any CPU.Build.0 = Debug|Any CPU
		{2CDC6DC4-9F63-4328-9BDC-519B3965A793}.Release|Any CPU.ActiveCfg = Release|Any CPU
		{2CDC6DC4-9F63-4328-9BDC-519B3965A793}.Release|Any CPU.Build.0 = Release|Any CPU
		{BE5234AA-1362-42AA-B3EB-66D05D52155C}.Debug|Any CPU.ActiveCfg = Debug|Any CPU
		{BE5234AA-1362-42AA-B3EB-66D05D52155C}.Debug|Any CPU.Build.0 = Debug|Any CPU
		{BE5234AA-1362-42AA-B3EB-66D05D52155C}.Release|Any CPU.ActiveCfg = Release|Any CPU
		{BE5234AA-1362-42AA-B3EB-66D05D52155C}.Release|Any CPU.Build.0 = Release|Any CPU
		{F44CD2A2-1E71-4FD2-89B4-671A71C9A27D}.Debug|Any CPU.ActiveCfg = Debug|Any CPU
		{F44CD2A2-1E71-4FD2-89B4-671A71C9A27D}.Debug|Any CPU.Build.0 = Debug|Any CPU
		{F44CD2A2-1E71-4FD2-89B4-671A71C9A27D}.Release|Any CPU.ActiveCfg = Release|Any CPU
		{F44CD2A2-1E71-4FD2-89B4-671A71C9A27D}.Release|Any CPU.Build.0 = Release|Any CPU
		{E37874A9-0B37-4E15-85A4-6B930593A026}.Debug|Any CPU.ActiveCfg = Debug|Any CPU
		{E37874A9-0B37-4E15-85A4-6B930593A026}.Debug|Any CPU.Build.0 = Debug|Any CPU
		{E37874A9-0B37-4E15-85A4-6B930593A026}.Release|Any CPU.ActiveCfg = Release|Any CPU
		{E37874A9-0B37-4E15-85A4-6B930593A026}.Release|Any CPU.Build.0 = Release|Any CPU
		{E52DD302-C29B-4ADA-B081-323A19E8AD11}.Debug|Any CPU.ActiveCfg = Debug|Any CPU
		{E52DD302-C29B-4ADA-B081-323A19E8AD11}.Debug|Any CPU.Build.0 = Debug|Any CPU
		{E52DD302-C29B-4ADA-B081-323A19E8AD11}.Release|Any CPU.ActiveCfg = Release|Any CPU
		{E52DD302-C29B-4ADA-B081-323A19E8AD11}.Release|Any CPU.Build.0 = Release|Any CPU
		{4A00950A-4E82-44C7-9D37-F943E88BBF64}.Debug|Any CPU.ActiveCfg = Debug|Any CPU
		{4A00950A-4E82-44C7-9D37-F943E88BBF64}.Debug|Any CPU.Build.0 = Debug|Any CPU
		{4A00950A-4E82-44C7-9D37-F943E88BBF64}.Release|Any CPU.ActiveCfg = Release|Any CPU
		{4A00950A-4E82-44C7-9D37-F943E88BBF64}.Release|Any CPU.Build.0 = Release|Any CPU
		{4F4A1FFC-7B68-4EC5-8042-275D44DB0EF9}.Debug|Any CPU.ActiveCfg = Debug|Any CPU
		{4F4A1FFC-7B68-4EC5-8042-275D44DB0EF9}.Debug|Any CPU.Build.0 = Debug|Any CPU
		{4F4A1FFC-7B68-4EC5-8042-275D44DB0EF9}.Release|Any CPU.ActiveCfg = Release|Any CPU
		{4F4A1FFC-7B68-4EC5-8042-275D44DB0EF9}.Release|Any CPU.Build.0 = Release|Any CPU
		{25792565-3574-4DBA-A7E5-F14A19805E52}.Debug|Any CPU.ActiveCfg = Debug|Any CPU
		{25792565-3574-4DBA-A7E5-F14A19805E52}.Debug|Any CPU.Build.0 = Debug|Any CPU
		{25792565-3574-4DBA-A7E5-F14A19805E52}.Release|Any CPU.ActiveCfg = Release|Any CPU
		{25792565-3574-4DBA-A7E5-F14A19805E52}.Release|Any CPU.Build.0 = Release|Any CPU
		{C90F1312-EDBC-428F-A5B6-2B92692F033E}.Debug|Any CPU.ActiveCfg = Debug|Any CPU
		{C90F1312-EDBC-428F-A5B6-2B92692F033E}.Debug|Any CPU.Build.0 = Debug|Any CPU
		{C90F1312-EDBC-428F-A5B6-2B92692F033E}.Release|Any CPU.ActiveCfg = Release|Any CPU
		{C90F1312-EDBC-428F-A5B6-2B92692F033E}.Release|Any CPU.Build.0 = Release|Any CPU
		{01540D97-0CC3-4444-836D-BB58F38A262D}.Debug|Any CPU.ActiveCfg = Debug|Any CPU
		{01540D97-0CC3-4444-836D-BB58F38A262D}.Debug|Any CPU.Build.0 = Debug|Any CPU
		{01540D97-0CC3-4444-836D-BB58F38A262D}.Release|Any CPU.ActiveCfg = Release|Any CPU
		{01540D97-0CC3-4444-836D-BB58F38A262D}.Release|Any CPU.Build.0 = Release|Any CPU
		{6D91CC2F-F8A6-43BD-A38E-A18B8C1F13E0}.Debug|Any CPU.ActiveCfg = Debug|Any CPU
		{6D91CC2F-F8A6-43BD-A38E-A18B8C1F13E0}.Debug|Any CPU.Build.0 = Debug|Any CPU
		{6D91CC2F-F8A6-43BD-A38E-A18B8C1F13E0}.Release|Any CPU.ActiveCfg = Release|Any CPU
		{6D91CC2F-F8A6-43BD-A38E-A18B8C1F13E0}.Release|Any CPU.Build.0 = Release|Any CPU
		{94F7BFB8-D514-4C12-832C-C504593ADC5D}.Debug|Any CPU.ActiveCfg = Debug|Any CPU
		{94F7BFB8-D514-4C12-832C-C504593ADC5D}.Debug|Any CPU.Build.0 = Debug|Any CPU
		{94F7BFB8-D514-4C12-832C-C504593ADC5D}.Release|Any CPU.ActiveCfg = Release|Any CPU
		{94F7BFB8-D514-4C12-832C-C504593ADC5D}.Release|Any CPU.Build.0 = Release|Any CPU
		{6705C555-EC7B-42E9-9B70-CC776F42019A}.Debug|Any CPU.ActiveCfg = Debug|Any CPU
		{6705C555-EC7B-42E9-9B70-CC776F42019A}.Debug|Any CPU.Build.0 = Debug|Any CPU
		{6705C555-EC7B-42E9-9B70-CC776F42019A}.Release|Any CPU.ActiveCfg = Release|Any CPU
		{6705C555-EC7B-42E9-9B70-CC776F42019A}.Release|Any CPU.Build.0 = Release|Any CPU
		{7F37CB77-FB7D-4A90-9467-A42C451E4D79}.Debug|Any CPU.ActiveCfg = Debug|Any CPU
		{7F37CB77-FB7D-4A90-9467-A42C451E4D79}.Debug|Any CPU.Build.0 = Debug|Any CPU
		{7F37CB77-FB7D-4A90-9467-A42C451E4D79}.Release|Any CPU.ActiveCfg = Release|Any CPU
		{7F37CB77-FB7D-4A90-9467-A42C451E4D79}.Release|Any CPU.Build.0 = Release|Any CPU
		{A9C6FEE3-A551-463C-A300-9A1609D787CA}.Debug|Any CPU.ActiveCfg = Debug|Any CPU
		{A9C6FEE3-A551-463C-A300-9A1609D787CA}.Debug|Any CPU.Build.0 = Debug|Any CPU
		{A9C6FEE3-A551-463C-A300-9A1609D787CA}.Release|Any CPU.ActiveCfg = Release|Any CPU
		{A9C6FEE3-A551-463C-A300-9A1609D787CA}.Release|Any CPU.Build.0 = Release|Any CPU
		{9568F121-B3FB-48CD-A769-21E0C7546A42}.Debug|Any CPU.ActiveCfg = Debug|Any CPU
		{9568F121-B3FB-48CD-A769-21E0C7546A42}.Debug|Any CPU.Build.0 = Debug|Any CPU
		{9568F121-B3FB-48CD-A769-21E0C7546A42}.Release|Any CPU.ActiveCfg = Release|Any CPU
		{9568F121-B3FB-48CD-A769-21E0C7546A42}.Release|Any CPU.Build.0 = Release|Any CPU
		{7D99F09B-FC55-450F-B548-1A228CB2F7FA}.Debug|Any CPU.ActiveCfg = Debug|Any CPU
		{7D99F09B-FC55-450F-B548-1A228CB2F7FA}.Debug|Any CPU.Build.0 = Debug|Any CPU
		{7D99F09B-FC55-450F-B548-1A228CB2F7FA}.Release|Any CPU.ActiveCfg = Release|Any CPU
		{7D99F09B-FC55-450F-B548-1A228CB2F7FA}.Release|Any CPU.Build.0 = Release|Any CPU
		{F093F5C7-1714-4A66-BC73-56511A8D26A1}.Debug|Any CPU.ActiveCfg = Debug|Any CPU
		{F093F5C7-1714-4A66-BC73-56511A8D26A1}.Debug|Any CPU.Build.0 = Debug|Any CPU
		{F093F5C7-1714-4A66-BC73-56511A8D26A1}.Release|Any CPU.ActiveCfg = Release|Any CPU
		{F093F5C7-1714-4A66-BC73-56511A8D26A1}.Release|Any CPU.Build.0 = Release|Any CPU
		{590B9DD7-B84C-4BD7-886D-174A0A2B3209}.Debug|Any CPU.ActiveCfg = Debug|Any CPU
		{590B9DD7-B84C-4BD7-886D-174A0A2B3209}.Debug|Any CPU.Build.0 = Debug|Any CPU
		{590B9DD7-B84C-4BD7-886D-174A0A2B3209}.Release|Any CPU.ActiveCfg = Release|Any CPU
		{590B9DD7-B84C-4BD7-886D-174A0A2B3209}.Release|Any CPU.Build.0 = Release|Any CPU
	EndGlobalSection
	GlobalSection(SolutionProperties) = preSolution
		HideSolutionNode = FALSE
	EndGlobalSection
EndGlobal
